
Microsoft Visual Studio Solution File, Format Version 12.00
# Visual Studio Version 17
VisualStudioVersion = 17.8.34309.116
MinimumVisualStudioVersion = 10.0.40219.1
Project("{FAE04EC0-301F-11D3-BF4B-00C04F79EFBC}") = "SubmissionTask", "SubmissionTask\SubmissionTask.csproj", "{CDA05451-B210-4572-BEA7-3008ED5967E0}"
EndProject
Project("{FAE04EC0-301F-11D3-BF4B-00C04F79EFBC}") = "SubmissionTask.Tests", "SubmissionTask.Tests\SubmissionTask.Tests.csproj", "{753BCCE2-44F6-4872-BE90-9BD201D5AE05}"
EndProject
Global
	GlobalSection(SolutionConfigurationPlatforms) = preSolution
		Debug|Any CPU = Debug|Any CPU
		Release|Any CPU = Release|Any CPU
	EndGlobalSection
	GlobalSection(ProjectConfigurationPlatforms) = postSolution
		{CDA05451-B210-4572-BEA7-3008ED5967E0}.Debug|Any CPU.ActiveCfg = Debug|Any CPU
		{CDA05451-B210-4572-BEA7-3008ED5967E0}.Debug|Any CPU.Build.0 = Debug|Any CPU
		{CDA05451-B210-4572-BEA7-3008ED5967E0}.Release|Any CPU.ActiveCfg = Release|Any CPU
		{CDA05451-B210-4572-BEA7-3008ED5967E0}.Release|Any CPU.Build.0 = Release|Any CPU
		{753BCCE2-44F6-4872-BE90-9BD201D5AE05}.Debug|Any CPU.ActiveCfg = Debug|Any CPU
		{753BCCE2-44F6-4872-BE90-9BD201D5AE05}.Debug|Any CPU.Build.0 = Debug|Any CPU
		{753BCCE2-44F6-4872-BE90-9BD201D5AE05}.Release|Any CPU.ActiveCfg = Release|Any CPU
		{753BCCE2-44F6-4872-BE90-9BD201D5AE05}.Release|Any CPU.Build.0 = Release|Any CPU
	EndGlobalSection
	GlobalSection(SolutionProperties) = preSolution
		HideSolutionNode = FALSE
	EndGlobalSection
	GlobalSection(ExtensibilityGlobals) = postSolution
		SolutionGuid = {997605C2-8D2F-4BCA-8C20-4CB5D04C76F6}
	EndGlobalSection
EndGlobal
